{
  "version": 4,
  "terraform_version": "1.9.4",
  "serial": 1,
  "lineage": "a405dd71-c6a5-bbc4-e772-7dd545f5fb2b",
  "outputs": {},
  "resources": [
    {
      "mode": "managed",
      "type": "spotify_playlist",
      "name": "OneD",
      "provider": "provider[\"registry.terraform.io/conradludgate/spotify\"]",
      "instances": [
        {
          "schema_version": 0,
          "attributes": {
            "description": null,
            "id": "3tWihYXJc26wRguZSVr9Qx",
            "name": "OneD",
            "public": true,
            "snapshot_id": "AAAAAvt2Ub1gcRG9zSpuli7uJOcYVmxp",
            "tracks": [
              "6Vh03bkEfXqekWp7Y1UBRb",
              "5G2c6FsfTzgYUzageCmfXY",
              "6M31fPFCYB8Job3MCjjrDV"
            ]
          },
          "sensitive_attributes": [],
          "private": "bnVsbA=="
        }
      ]
    }
  ],
  "check_results": null
}
